
Microsoft Visual Studio Solution File, Format Version 12.00
# Visual Studio 2012
Project("{8BC9CEB8-8B4A-11D0-8D11-00A0C91BC942}") = "FMS5774_8865_5366", "FMS5774_8865_5366\FMS5774_8865_5366.vcxproj", "{508B6A2C-54A0-4825-95B5-7A94A63E0D91}"
EndProject
Project("{FAE04EC0-301F-11D3-BF4B-00C04F79EFBC}") = "FMS5774_Cpp_CSharp_Adapter", "FMS5774_Cpp_CSharp_Adapter\FMS5774_Cpp_CSharp_Adapter.csproj", "{46BC4635-025E-458D-A887-B39BAC2C138E}"
EndProject
Project("{8BC9CEB8-8B4A-11D0-8D11-00A0C91BC942}") = "fms5774_TestLevels", "fms5774_TestLevels\fms5774_TestLevels.vcxproj", "{AD999816-A478-48AE-8BA1-362922317E36}"
EndProject
Project("{FAE04EC0-301F-11D3-BF4B-00C04F79EFBC}") = "FMS5774_Cpp_CSharp_Adapter_Test", "FMS5774_Cpp_CSharp_Adapter_Test\FMS5774_Cpp_CSharp_Adapter_Test.csproj", "{1F2B56B6-ED99-4AE4-B2D3-B7A03248BF61}"
EndProject
Project("{2150E333-8FDC-42A3-9474-1A3956D46DE8}") = "Cpp", "Cpp", "{003931EF-1094-4B22-98F0-66568619A36F}"
EndProject
Project("{2150E333-8FDC-42A3-9474-1A3956D46DE8}") = "CSharp", "CSharp", "{141C841D-2104-499D-9131-14FFC5D821D8}"
EndProject
Project("{8BC9CEB8-8B4A-11D0-8D11-00A0C91BC942}") = "FMS5774_DLL", "FMS5774_DLL\FMS5774_DLL.vcxproj", "{5BEE6AD1-A4D8-4274-B133-225DF7C2286C}"
EndProject
Project("{FAE04EC0-301F-11D3-BF4B-00C04F79EFBC}") = "FMS5774_8856_5366_WPF", "basic_WPF\FMS5774_8856_5366_WPF.csproj", "{819F8636-3BDE-4F0B-BAD6-772D3C4C1F2C}"
EndProject
Global
	GlobalSection(SolutionConfigurationPlatforms) = preSolution
		Debug|Any CPU = Debug|Any CPU
		Debug|Mixed Platforms = Debug|Mixed Platforms
		Debug|Win32 = Debug|Win32
		Release|Any CPU = Release|Any CPU
		Release|Mixed Platforms = Release|Mixed Platforms
		Release|Win32 = Release|Win32
	EndGlobalSection
	GlobalSection(ProjectConfigurationPlatforms) = postSolution
		{508B6A2C-54A0-4825-95B5-7A94A63E0D91}.Debug|Any CPU.ActiveCfg = Debug|Win32
		{508B6A2C-54A0-4825-95B5-7A94A63E0D91}.Debug|Mixed Platforms.ActiveCfg = Debug|Win32
		{508B6A2C-54A0-4825-95B5-7A94A63E0D91}.Debug|Mixed Platforms.Build.0 = Debug|Win32
		{508B6A2C-54A0-4825-95B5-7A94A63E0D91}.Debug|Win32.ActiveCfg = Debug|Win32
		{508B6A2C-54A0-4825-95B5-7A94A63E0D91}.Debug|Win32.Build.0 = Debug|Win32
		{508B6A2C-54A0-4825-95B5-7A94A63E0D91}.Release|Any CPU.ActiveCfg = Release|Win32
		{508B6A2C-54A0-4825-95B5-7A94A63E0D91}.Release|Mixed Platforms.ActiveCfg = Release|Win32
		{508B6A2C-54A0-4825-95B5-7A94A63E0D91}.Release|Mixed Platforms.Build.0 = Release|Win32
		{508B6A2C-54A0-4825-95B5-7A94A63E0D91}.Release|Win32.ActiveCfg = Release|Win32
		{508B6A2C-54A0-4825-95B5-7A94A63E0D91}.Release|Win32.Build.0 = Release|Win32
		{46BC4635-025E-458D-A887-B39BAC2C138E}.Debug|Any CPU.ActiveCfg = Debug|Any CPU
		{46BC4635-025E-458D-A887-B39BAC2C138E}.Debug|Any CPU.Build.0 = Debug|Any CPU
		{46BC4635-025E-458D-A887-B39BAC2C138E}.Debug|Mixed Platforms.ActiveCfg = Debug|Any CPU
		{46BC4635-025E-458D-A887-B39BAC2C138E}.Debug|Mixed Platforms.Build.0 = Debug|Any CPU
		{46BC4635-025E-458D-A887-B39BAC2C138E}.Debug|Win32.ActiveCfg = Debug|Any CPU
		{46BC4635-025E-458D-A887-B39BAC2C138E}.Debug|Win32.Build.0 = Debug|Any CPU
		{46BC4635-025E-458D-A887-B39BAC2C138E}.Release|Any CPU.ActiveCfg = Release|Any CPU
		{46BC4635-025E-458D-A887-B39BAC2C138E}.Release|Any CPU.Build.0 = Release|Any CPU
		{46BC4635-025E-458D-A887-B39BAC2C138E}.Release|Mixed Platforms.ActiveCfg = Release|Any CPU
		{46BC4635-025E-458D-A887-B39BAC2C138E}.Release|Mixed Platforms.Build.0 = Release|Any CPU
		{46BC4635-025E-458D-A887-B39BAC2C138E}.Release|Win32.ActiveCfg = Release|Any CPU
		{AD999816-A478-48AE-8BA1-362922317E36}.Debug|Any CPU.ActiveCfg = Debug|Win32
		{AD999816-A478-48AE-8BA1-362922317E36}.Debug|Mixed Platforms.ActiveCfg = Debug|Win32
		{AD999816-A478-48AE-8BA1-362922317E36}.Debug|Mixed Platforms.Build.0 = Debug|Win32
		{AD999816-A478-48AE-8BA1-362922317E36}.Debug|Win32.ActiveCfg = Debug|Win32
		{AD999816-A478-48AE-8BA1-362922317E36}.Debug|Win32.Build.0 = Debug|Win32
		{AD999816-A478-48AE-8BA1-362922317E36}.Release|Any CPU.ActiveCfg = Release|Win32
		{AD999816-A478-48AE-8BA1-362922317E36}.Release|Mixed Platforms.ActiveCfg = Release|Win32
		{AD999816-A478-48AE-8BA1-362922317E36}.Release|Mixed Platforms.Build.0 = Release|Win32
		{AD999816-A478-48AE-8BA1-362922317E36}.Release|Win32.ActiveCfg = Release|Win32
		{AD999816-A478-48AE-8BA1-362922317E36}.Release|Win32.Build.0 = Release|Win32
		{1F2B56B6-ED99-4AE4-B2D3-B7A03248BF61}.Debug|Any CPU.ActiveCfg = Debug|Any CPU
		{1F2B56B6-ED99-4AE4-B2D3-B7A03248BF61}.Debug|Any CPU.Build.0 = Debug|Any CPU
		{1F2B56B6-ED99-4AE4-B2D3-B7A03248BF61}.Debug|Mixed Platforms.ActiveCfg = Debug|Any CPU
		{1F2B56B6-ED99-4AE4-B2D3-B7A03248BF61}.Debug|Mixed Platforms.Build.0 = Debug|Any CPU
		{1F2B56B6-ED99-4AE4-B2D3-B7A03248BF61}.Debug|Win32.ActiveCfg = Debug|Any CPU
		{1F2B56B6-ED99-4AE4-B2D3-B7A03248BF61}.Debug|Win32.Build.0 = Debug|Any CPU
		{1F2B56B6-ED99-4AE4-B2D3-B7A03248BF61}.Release|Any CPU.ActiveCfg = Release|Any CPU
		{1F2B56B6-ED99-4AE4-B2D3-B7A03248BF61}.Release|Any CPU.Build.0 = Release|Any CPU
		{1F2B56B6-ED99-4AE4-B2D3-B7A03248BF61}.Release|Mixed Platforms.ActiveCfg = Release|Any CPU
		{1F2B56B6-ED99-4AE4-B2D3-B7A03248BF61}.Release|Mixed Platforms.Build.0 = Release|Any CPU
		{1F2B56B6-ED99-4AE4-B2D3-B7A03248BF61}.Release|Win32.ActiveCfg = Release|Any CPU
		{5BEE6AD1-A4D8-4274-B133-225DF7C2286C}.Debug|Any CPU.ActiveCfg = Debug|Win32
		{5BEE6AD1-A4D8-4274-B133-225DF7C2286C}.Debug|Mixed Platforms.ActiveCfg = Debug|Win32
		{5BEE6AD1-A4D8-4274-B133-225DF7C2286C}.Debug|Mixed Platforms.Build.0 = Debug|Win32
		{5BEE6AD1-A4D8-4274-B133-225DF7C2286C}.Debug|Win32.ActiveCfg = Debug|Win32
		{5BEE6AD1-A4D8-4274-B133-225DF7C2286C}.Debug|Win32.Build.0 = Debug|Win32
		{5BEE6AD1-A4D8-4274-B133-225DF7C2286C}.Release|Any CPU.ActiveCfg = Release|Win32
		{5BEE6AD1-A4D8-4274-B133-225DF7C2286C}.Release|Mixed Platforms.ActiveCfg = Release|Win32
		{5BEE6AD1-A4D8-4274-B133-225DF7C2286C}.Release|Mixed Platforms.Build.0 = Release|Win32
		{5BEE6AD1-A4D8-4274-B133-225DF7C2286C}.Release|Win32.ActiveCfg = Release|Win32
		{5BEE6AD1-A4D8-4274-B133-225DF7C2286C}.Release|Win32.Build.0 = Release|Win32
		{819F8636-3BDE-4F0B-BAD6-772D3C4C1F2C}.Debug|Any CPU.ActiveCfg = Debug|Any CPU
		{819F8636-3BDE-4F0B-BAD6-772D3C4C1F2C}.Debug|Any CPU.Build.0 = Debug|Any CPU
		{819F8636-3BDE-4F0B-BAD6-772D3C4C1F2C}.Debug|Mixed Platforms.ActiveCfg = Debug|Any CPU
		{819F8636-3BDE-4F0B-BAD6-772D3C4C1F2C}.Debug|Mixed Platforms.Build.0 = Debug|Any CPU
		{819F8636-3BDE-4F0B-BAD6-772D3C4C1F2C}.Debug|Win32.ActiveCfg = Debug|Any CPU
		{819F8636-3BDE-4F0B-BAD6-772D3C4C1F2C}.Debug|Win32.Build.0 = Debug|Any CPU
		{819F8636-3BDE-4F0B-BAD6-772D3C4C1F2C}.Release|Any CPU.ActiveCfg = Release|Any CPU
		{819F8636-3BDE-4F0B-BAD6-772D3C4C1F2C}.Release|Any CPU.Build.0 = Release|Any CPU
		{819F8636-3BDE-4F0B-BAD6-772D3C4C1F2C}.Release|Mixed Platforms.ActiveCfg = Release|Any CPU
		{819F8636-3BDE-4F0B-BAD6-772D3C4C1F2C}.Release|Mixed Platforms.Build.0 = Release|Any CPU
		{819F8636-3BDE-4F0B-BAD6-772D3C4C1F2C}.Release|Win32.ActiveCfg = Release|Any CPU
	EndGlobalSection
	GlobalSection(SolutionProperties) = preSolution
		HideSolutionNode = FALSE
	EndGlobalSection
	GlobalSection(NestedProjects) = preSolution
		{AD999816-A478-48AE-8BA1-362922317E36} = {003931EF-1094-4B22-98F0-66568619A36F}
		{508B6A2C-54A0-4825-95B5-7A94A63E0D91} = {003931EF-1094-4B22-98F0-66568619A36F}
		{5BEE6AD1-A4D8-4274-B133-225DF7C2286C} = {003931EF-1094-4B22-98F0-66568619A36F}
		{1F2B56B6-ED99-4AE4-B2D3-B7A03248BF61} = {141C841D-2104-499D-9131-14FFC5D821D8}
		{46BC4635-025E-458D-A887-B39BAC2C138E} = {141C841D-2104-499D-9131-14FFC5D821D8}
		{819F8636-3BDE-4F0B-BAD6-772D3C4C1F2C} = {141C841D-2104-499D-9131-14FFC5D821D8}
	EndGlobalSection
EndGlobal
